
Microsoft Visual Studio Solution File, Format Version 12.00
Project("{FAE04EC0-301F-11D3-BF4B-00C04F79EFBC}") = "AccessControl", "AccessControl\AccessControl.csproj", "{9518106C-866A-4EB4-B0A7-FEFF15FCD74E}"
EndProject
Project("{FAE04EC0-301F-11D3-BF4B-00C04F79EFBC}") = "AccessControl.Api", "AccessControl.Api\AccessControl.Api.csproj", "{2D3D6A43-CE51-4D95-ADA1-C5D1D2482260}"
EndProject
Global
	GlobalSection(SolutionConfigurationPlatforms) = preSolution
		Debug|Any CPU = Debug|Any CPU
		Release|Any CPU = Release|Any CPU
	EndGlobalSection
	GlobalSection(ProjectConfigurationPlatforms) = postSolution
		{9518106C-866A-4EB4-B0A7-FEFF15FCD74E}.Debug|Any CPU.ActiveCfg = Debug|Any CPU
		{9518106C-866A-4EB4-B0A7-FEFF15FCD74E}.Debug|Any CPU.Build.0 = Debug|Any CPU
		{9518106C-866A-4EB4-B0A7-FEFF15FCD74E}.Release|Any CPU.ActiveCfg = Release|Any CPU
		{9518106C-866A-4EB4-B0A7-FEFF15FCD74E}.Release|Any CPU.Build.0 = Release|Any CPU
		{2D3D6A43-CE51-4D95-ADA1-C5D1D2482260}.Debug|Any CPU.ActiveCfg = Debug|Any CPU
		{2D3D6A43-CE51-4D95-ADA1-C5D1D2482260}.Debug|Any CPU.Build.0 = Debug|Any CPU
		{2D3D6A43-CE51-4D95-ADA1-C5D1D2482260}.Release|Any CPU.ActiveCfg = Release|Any CPU
		{2D3D6A43-CE51-4D95-ADA1-C5D1D2482260}.Release|Any CPU.Build.0 = Release|Any CPU
	EndGlobalSection
EndGlobal
